<?xml version="1.0" encoding="utf-8"?>
<Project ToolsVersion="4.0" xmlns="http://schemas.microsoft.com/developer/msbuild/2003">
  <ItemGroup>
    <Filter Include="소스 파일">
      <UniqueIdentifier>{4FC737F1-C7A5-4376-A066-2A32D752A2FF}</UniqueIdentifier>
      <Extensions>cpp;c;cc;cxx;c++;cppm;ixx;def;odl;idl;hpj;bat;asm;asmx</Extensions>
    </Filter>
    <Filter Include="헤더 파일">
      <UniqueIdentifier>{93995380-89BD-4b04-88EB-625FBE52EBFB}</UniqueIdentifier>
      <Extensions>h;hh;hpp;hxx;h++;hm;inl;inc;ipp;xsd</Extensions>
    </Filter>
    <Filter Include="리소스 파일">
      <UniqueIdentifier>{67DA6AB6-F800-4c08-8B7A-83BB121AAD01}</UniqueIdentifier>
      <Extensions>rc;ico;cur;bmp;dlg;rc2;rct;bin;rgs;gif;jpg;jpeg;jpe;resx;tiff;tif;png;wav;mfcribbon-ms</Extensions>
    </Filter>
    <Filter Include="소스 파일\second.stage">
      <UniqueIdentifier>{b5e252e1-170e-435d-aae7-ccf5842886b5}</UniqueIdentifier>
    </Filter>
    <Filter Include="소스 파일\first_stage">
      <UniqueIdentifier>{cd0d2349-29fd-419f-b95a-a04cc4db5c4e}</UniqueIdentifier>
    </Filter>
    <Filter Include="소스 파일\third_stage">
      <UniqueIdentifier>{7cd14f3f-c87f-413f-8d03-78e71a37c801}</UniqueIdentifier>
    </Filter>
    <Filter Include="소스 파일\fourth_stage">
      <UniqueIdentifier>{185943f2-7af7-4955-ad49-aab71401fecb}</UniqueIdentifier>
    </Filter>
    <Filter Include="소스 파일\fifth_stage">
      <UniqueIdentifier>{06e19430-6bb8-4fad-9664-900ae6d60d38}</UniqueIdentifier>
    </Filter>
  </ItemGroup>
  <ItemGroup>
    <ClCompile Include="p1.cpp">
      <Filter>소스 파일\second.stage</Filter>
    </ClCompile>
    <ClCompile Include="prac1.cpp">
      <Filter>소스 파일\first_stage</Filter>
    </ClCompile>
    <ClCompile Include="prac2.cpp">
      <Filter>소스 파일\first_stage</Filter>
    </ClCompile>
    <ClCompile Include="prac3.cpp">
      <Filter>소스 파일\first_stage</Filter>
    </ClCompile>
    <ClCompile Include="prac4.cpp">
      <Filter>소스 파일\first_stage</Filter>
    </ClCompile>
    <ClCompile Include="prac5.cpp">
      <Filter>소스 파일\first_stage</Filter>
    </ClCompile>
    <ClCompile Include="prac6.cpp">
      <Filter>소스 파일\first_stage</Filter>
    </ClCompile>
    <ClCompile Include="prac7.cpp">
      <Filter>소스 파일\first_stage</Filter>
    </ClCompile>
    <ClCompile Include="prac8.cpp">
      <Filter>소스 파일\first_stage</Filter>
    </ClCompile>
    <ClCompile Include="prac9.cpp">
      <Filter>소스 파일\first_stage</Filter>
    </ClCompile>
    <ClCompile Include="prac10.cpp">
      <Filter>소스 파일\first_stage</Filter>
    </ClCompile>
    <ClCompile Include="prac11.cpp">
      <Filter>소스 파일\first_stage</Filter>
    </ClCompile>
    <ClCompile Include="prac12.cpp">
      <Filter>소스 파일\first_stage</Filter>
    </ClCompile>
    <ClCompile Include="prac13.cpp">
      <Filter>소스 파일\first_stage</Filter>
    </ClCompile>
    <ClCompile Include="prac14.cpp">
      <Filter>소스 파일\first_stage</Filter>
    </ClCompile>
    <ClCompile Include="prac15.cpp">
      <Filter>소스 파일\first_stage</Filter>
    </ClCompile>
    <ClCompile Include="prac16.cpp">
      <Filter>소스 파일\first_stage</Filter>
    </ClCompile>
    <ClCompile Include="prac17.cpp">
      <Filter>소스 파일\first_stage</Filter>
    </ClCompile>
    <ClCompile Include="p2.cpp">
      <Filter>소스 파일\second.stage</Filter>
    </ClCompile>
    <ClCompile Include="p3.cpp">
      <Filter>소스 파일\second.stage</Filter>
    </ClCompile>
    <ClCompile Include="p4.cpp">
      <Filter>소스 파일\second.stage</Filter>
    </ClCompile>
    <ClCompile Include="c1.cpp">
      <Filter>소스 파일\third_stage</Filter>
    </ClCompile>
    <ClCompile Include="c2.cpp">
      <Filter>소스 파일\third_stage</Filter>
    </ClCompile>
    <ClCompile Include="c3.cpp">
      <Filter>소스 파일\third_stage</Filter>
    </ClCompile>
    <ClCompile Include="c4.cpp">
      <Filter>소스 파일\third_stage</Filter>
    </ClCompile>
    <ClCompile Include="c5.cpp">
      <Filter>소스 파일\third_stage</Filter>
    </ClCompile>
    <ClCompile Include="c6.cpp">
      <Filter>소스 파일\third_stage</Filter>
    </ClCompile>
    <ClCompile Include="c7.cpp">
      <Filter>소스 파일\third_stage</Filter>
    </ClCompile>
    <ClCompile Include="c8.cpp">
      <Filter>소스 파일\third_stage</Filter>
    </ClCompile>
    <ClCompile Include="c9.cpp">
      <Filter>소스 파일\third_stage</Filter>
    </ClCompile>
    <ClCompile Include="c10.cpp">
      <Filter>소스 파일\third_stage</Filter>
    </ClCompile>
    <ClCompile Include="c11.cpp">
      <Filter>소스 파일\third_stage</Filter>
    </ClCompile>
    <ClCompile Include="d1.cpp">
      <Filter>소스 파일\fourth_stage</Filter>
    </ClCompile>
    <ClCompile Include="d2.cpp">
      <Filter>소스 파일\fourth_stage</Filter>
    </ClCompile>
    <ClCompile Include="d3.cpp">
      <Filter>소스 파일\fourth_stage</Filter>
    </ClCompile>
    <ClCompile Include="d4.cpp">
      <Filter>소스 파일\fourth_stage</Filter>
    </ClCompile>
    <ClCompile Include="d5.cpp">
      <Filter>소스 파일\fourth_stage</Filter>
    </ClCompile>
    <ClCompile Include="d6.cpp">
      <Filter>소스 파일\fourth_stage</Filter>
    </ClCompile>
    <ClCompile Include="d7.cpp">
      <Filter>소스 파일\fourth_stage</Filter>
    </ClCompile>
    <ClCompile Include="d8.cpp">
      <Filter>소스 파일\fourth_stage</Filter>
    </ClCompile>
    <ClCompile Include="d9.cpp">
      <Filter>소스 파일\fourth_stage</Filter>
    </ClCompile>
    <ClCompile Include="d10.cpp">
      <Filter>소스 파일\fourth_stage</Filter>
    </ClCompile>
    <ClCompile Include="d11.cpp">
      <Filter>소스 파일\fourth_stage</Filter>
    </ClCompile>
    <ClCompile Include="d12.cpp">
      <Filter>소스 파일\fourth_stage</Filter>
    </ClCompile>
    <ClCompile Include="d13.cpp">
      <Filter>소스 파일\fourth_stage</Filter>
    </ClCompile>
    <ClCompile Include="d14.cpp">
      <Filter>소스 파일\fourth_stage</Filter>
    </ClCompile>
    <ClCompile Include="f1.cpp">
      <Filter>소스 파일\fifth_stage</Filter>
    </ClCompile>
    <ClCompile Include="f2.cpp">
      <Filter>소스 파일\fifth_stage</Filter>
    </ClCompile>
    <ClCompile Include="f3.cpp">
      <Filter>소스 파일\fifth_stage</Filter>
    </ClCompile>
    <ClCompile Include="f4.cpp">
      <Filter>소스 파일\fifth_stage</Filter>
    </ClCompile>
    <ClCompile Include="f5.cpp">
      <Filter>소스 파일\fifth_stage</Filter>
    </ClCompile>
    <ClCompile Include="f6.cpp">
      <Filter>소스 파일\fifth_stage</Filter>
    </ClCompile>
    <ClCompile Include="f7.cpp">
      <Filter>소스 파일\fifth_stage</Filter>
    </ClCompile>
  </ItemGroup>
</Project>